
Microsoft Visual Studio Solution File, Format Version 12.00
# Visual Studio Version 17
VisualStudioVersion = 17.12.35707.178 d17.12
MinimumVisualStudioVersion = 10.0.40219.1
Project("{FAE04EC0-301F-11D3-BF4B-00C04F79EFBC}") = "Api Task Techtroll.co.API", "Api Task Techtroll.co\Api Task Techtroll.co.API.csproj", "{63456EAA-ABA3-4FD3-BA00-5876C99609DC}"
EndProject
Global
	GlobalSection(SolutionConfigurationPlatforms) = preSolution
		Debug|Any CPU = Debug|Any CPU
		Release|Any CPU = Release|Any CPU
	EndGlobalSection
	GlobalSection(ProjectConfigurationPlatforms) = postSolution
		{63456EAA-ABA3-4FD3-BA00-5876C99609DC}.Debug|Any CPU.ActiveCfg = Debug|Any CPU
		{63456EAA-ABA3-4FD3-BA00-5876C99609DC}.Debug|Any CPU.Build.0 = Debug|Any CPU
		{63456EAA-ABA3-4FD3-BA00-5876C99609DC}.Release|Any CPU.ActiveCfg = Release|Any CPU
		{63456EAA-ABA3-4FD3-BA00-5876C99609DC}.Release|Any CPU.Build.0 = Release|Any CPU
	EndGlobalSection
	GlobalSection(SolutionProperties) = preSolution
		HideSolutionNode = FALSE
	EndGlobalSection
EndGlobal
